
Microsoft Visual Studio Solution File, Format Version 12.00
# Visual Studio Version 16
VisualStudioVersion = 16.0.29709.97
MinimumVisualStudioVersion = 10.0.40219.1
Project("{FAE04EC0-301F-11D3-BF4B-00C04F79EFBC}") = "UsuariosAleatorios", "UsuariosAleatorios\UsuariosAleatorios.csproj", "{3A33B5C4-037E-4B10-A80C-09CE280F9E1D}"
EndProject
Global
	GlobalSection(SolutionConfigurationPlatforms) = preSolution
		Debug|Any CPU = Debug|Any CPU
		Release|Any CPU = Release|Any CPU
	EndGlobalSection
	GlobalSection(ProjectConfigurationPlatforms) = postSolution
		{3A33B5C4-037E-4B10-A80C-09CE280F9E1D}.Debug|Any CPU.ActiveCfg = Debug|Any CPU
		{3A33B5C4-037E-4B10-A80C-09CE280F9E1D}.Debug|Any CPU.Build.0 = Debug|Any CPU
		{3A33B5C4-037E-4B10-A80C-09CE280F9E1D}.Release|Any CPU.ActiveCfg = Release|Any CPU
		{3A33B5C4-037E-4B10-A80C-09CE280F9E1D}.Release|Any CPU.Build.0 = Release|Any CPU
	EndGlobalSection
	GlobalSection(SolutionProperties) = preSolution
		HideSolutionNode = FALSE
	EndGlobalSection
	GlobalSection(ExtensibilityGlobals) = postSolution
		SolutionGuid = {E275726A-9FD5-4498-8961-6F421BC57410}
	EndGlobalSection
EndGlobal
